{"lockfile-version":1,"manifest":{"hook":{},"install":{"awscli2":{"pkg-path":"awscli2"},"gnumake":{"pkg-path":"gnumake"},"go":{"pkg-path":"go","version":"^1.21.8"}},"options":{"allow":{"licenses":[]},"semver":{},"systems":["aarch64-darwin"]},"profile":{"common":"  # Autogenerated by Flox\n\n  # Point GOENV to Flox environment cache\n  export GOENV=\"$FLOX_ENV_CACHE/goenv\"\n\n  # Install Go dependencies\n  go get .\n\n  # End autogenerated by Flox\n"},"vars":{},"version":1},"packages":[{"attr_path":"awscli2","broken":false,"derivation":"/nix/store/6ck1x57nh1a6rq1xfgjcnvfa4q0dchvy-awscli2-2.17.13.drv","description":"Unified tool to manage your AWS services","group":"toplevel","install_id":"awscli2","license":"Apache-2.0","locked_url":"https://github.com/flox/nixpkgs?rev=52ec9ac3b12395ad677e8b62106f0b98c1f8569d","name":"awscli2-2.17.13","outputs":{"dist":"/nix/store/vjb4w7nsrjq51gjbjhfc93jmalpcnr1d-awscli2-2.17.13-dist","out":"/nix/store/f4r22hc2ibqim1isjc38i22xs3imymlj-awscli2-2.17.13"},"outputs_to_install":["out"],"pname":"awscli2","priority":5,"rev":"52ec9ac3b12395ad677e8b62106f0b98c1f8569d","rev_count":659698,"rev_date":"2024-07-28T16:52:11Z","scrape_date":"2024-07-31T07:08:11Z","stabilities":["unstable"],"system":"aarch64-darwin","unfree":false,"version":"2.17.13"},{"attr_path":"gnumake","broken":false,"derivation":"/nix/store/ydncg4g4mkwmjhx60mcfyzg6v8ddjmxr-gnumake-4.4.1.drv","description":"Tool to control the generation of non-source files from sources","group":"toplevel","install_id":"gnumake","license":"GPL-3.0-or-later","locked_url":"https://github.com/flox/nixpkgs?rev=52ec9ac3b12395ad677e8b62106f0b98c1f8569d","name":"gnumake-4.4.1","outputs":{"info":"/nix/store/537dz619lcxi30vr2nz7fdvkyykd4v18-gnumake-4.4.1-info","man":"/nix/store/wb8icphy7jmgb6iiikn5djsk9rnlvm3d-gnumake-4.4.1-man","out":"/nix/store/6gylp4vygmsm12rafhzvklrfkbhwwq40-gnumake-4.4.1"},"outputs_to_install":["out","man"],"pname":"gnumake","priority":5,"rev":"52ec9ac3b12395ad677e8b62106f0b98c1f8569d","rev_count":659698,"rev_date":"2024-07-28T16:52:11Z","scrape_date":"2024-07-31T07:08:11Z","stabilities":["unstable"],"system":"aarch64-darwin","unfree":false,"version":"4.4.1"},{"attr_path":"go","broken":false,"derivation":"/nix/store/qjh0ikk8fbibyav8b3sj0hq8q5jil115-go-1.22.5.drv","description":"Go Programming language","group":"toplevel","install_id":"go","license":"BSD-3-Clause","locked_url":"https://github.com/flox/nixpkgs?rev=52ec9ac3b12395ad677e8b62106f0b98c1f8569d","name":"go-1.22.5","outputs":{"out":"/nix/store/wkzcrvihdh5fp8h01b699k71gy28zf4l-go-1.22.5"},"outputs_to_install":["out"],"pname":"go","priority":5,"rev":"52ec9ac3b12395ad677e8b62106f0b98c1f8569d","rev_count":659698,"rev_date":"2024-07-28T16:52:11Z","scrape_date":"2024-07-31T07:08:11Z","stabilities":["unstable"],"system":"aarch64-darwin","unfree":false,"version":"1.22.5"}]}