{
  "lockfile-version": 1,
  "manifest": {
    "schema-version": "1.10.0",
    "install": {
      "awscli2": {
        "pkg-path": "awscli2",
        "outputs": "all"
      },
      "gnumake": {
        "pkg-path": "gnumake",
        "outputs": "all"
      },
      "go": {
        "pkg-path": "go"
      },
      "golint": {
        "pkg-path": "golint"
      },
      "zip": {
        "pkg-path": "zip"
      }
    },
    "hook": {},
    "profile": {
      "common": ""
    },
    "options": {
      "systems": [
        "aarch64-darwin"
      ]
    }
  },
  "packages": [
    {
      "attr_path": "awscli2",
      "broken": false,
      "derivation": "/nix/store/jcsnqlk4i3dnp7b6cv09h3hxs3gs60gv-awscli2-2.33.2.drv",
      "description": "Unified tool to manage your AWS services",
      "install_id": "awscli2",
      "license": "Apache-2.0",
      "locked_url": "https://github.com/flox/nixpkgs?rev=68d8aa3d661f0e6bd5862291b5bb263b2a6595c9",
      "name": "awscli2-2.33.2",
      "pname": "awscli2",
      "rev": "68d8aa3d661f0e6bd5862291b5bb263b2a6595c9",
      "rev_count": 975402,
      "rev_date": "2026-04-05T21:03:29Z",
      "scrape_date": "2026-04-07T06:03:31.687470Z",
      "stabilities": [
        "unstable"
      ],
      "unfree": false,
      "version": "2.33.2",
      "outputs_to_install": [
        "out"
      ],
      "outputs": {
        "dist": "/nix/store/d69v4alcr01vrdvdxx2kmlfj24fgrivq-awscli2-2.33.2-dist",
        "out": "/nix/store/0xqxrmhc1rks5vck4zch8yj950rjjalj-awscli2-2.33.2"
      },
      "system": "aarch64-darwin",
      "group": "toplevel",
      "priority": 5
    },
    {
      "attr_path": "gnumake",
      "broken": false,
      "derivation": "/nix/store/6gi7nfysgzgi13fzz4vf8pv47j58r25f-gnumake-4.4.1.drv",
      "description": "Tool to control the generation of non-source files from sources",
      "install_id": "gnumake",
      "license": "GPL-3.0-or-later",
      "locked_url": "https://github.com/flox/nixpkgs?rev=68d8aa3d661f0e6bd5862291b5bb263b2a6595c9",
      "name": "gnumake-4.4.1",
      "pname": "gnumake",
      "rev": "68d8aa3d661f0e6bd5862291b5bb263b2a6595c9",
      "rev_count": 975402,
      "rev_date": "2026-04-05T21:03:29Z",
      "scrape_date": "2026-04-07T06:03:33.072687Z",
      "stabilities": [
        "unstable"
      ],
      "unfree": false,
      "version": "4.4.1",
      "outputs_to_install": [
        "man",
        "out"
      ],
      "outputs": {
        "doc": "/nix/store/hb81l6za1swj09szhxj902bjf9b9cwzc-gnumake-4.4.1-doc",
        "info": "/nix/store/xynyfhcn9r7jd4iakdr71yb6grabjgf7-gnumake-4.4.1-info",
        "man": "/nix/store/b2y9y7i57sml44mk7wl4ba8wr8adgavs-gnumake-4.4.1-man",
        "out": "/nix/store/y40n7jzzy9qydb120kxgbzi55mprbkfm-gnumake-4.4.1"
      },
      "system": "aarch64-darwin",
      "group": "toplevel",
      "priority": 5
    },
    {
      "attr_path": "go",
      "broken": false,
      "derivation": "/nix/store/jj5lr2n85rl99d40dcgvv8kh4p37i47d-go-1.26.1.drv",
      "description": "Go Programming language",
      "install_id": "go",
      "license": "BSD-3-Clause",
      "locked_url": "https://github.com/flox/nixpkgs?rev=68d8aa3d661f0e6bd5862291b5bb263b2a6595c9",
      "name": "go-1.26.1",
      "pname": "go",
      "rev": "68d8aa3d661f0e6bd5862291b5bb263b2a6595c9",
      "rev_count": 975402,
      "rev_date": "2026-04-05T21:03:29Z",
      "scrape_date": "2026-04-07T06:03:33.081743Z",
      "stabilities": [
        "unstable"
      ],
      "unfree": false,
      "version": "1.26.1",
      "outputs_to_install": [
        "out"
      ],
      "outputs": {
        "out": "/nix/store/kh43nhaz1qcpwws2xq805lrmwpmn9i3k-go-1.26.1"
      },
      "system": "aarch64-darwin",
      "group": "toplevel",
      "priority": 5
    },
    {
      "attr_path": "golint",
      "broken": false,
      "derivation": "/nix/store/gxfz3jpqcg6ixv4cv96zr1bmwfpkgb6y-golint-unstable-2020-12-08.drv",
      "description": "Linter for Go source code",
      "install_id": "golint",
      "license": "BSD-3-Clause",
      "locked_url": "https://github.com/flox/nixpkgs?rev=68d8aa3d661f0e6bd5862291b5bb263b2a6595c9",
      "name": "golint-unstable-2020-12-08",
      "pname": "golint",
      "rev": "68d8aa3d661f0e6bd5862291b5bb263b2a6595c9",
      "rev_count": 975402,
      "rev_date": "2026-04-05T21:03:29Z",
      "scrape_date": "2026-04-07T06:03:33.146318Z",
      "stabilities": [
        "unstable"
      ],
      "unfree": false,
      "version": "2020-12-08",
      "outputs_to_install": [
        "out"
      ],
      "outputs": {
        "out": "/nix/store/99h1drykj6avbm23bpkv1091nnp32g3x-golint-unstable-2020-12-08"
      },
      "system": "aarch64-darwin",
      "group": "toplevel",
      "priority": 5
    },
    {
      "attr_path": "zip",
      "broken": false,
      "derivation": "/nix/store/paw647m5mx070c6di327cr58crgcwym8-zip-3.0.drv",
      "description": "Compressor/archiver for creating and modifying zipfiles",
      "install_id": "zip",
      "license": "BSD-4-Clause",
      "locked_url": "https://github.com/flox/nixpkgs?rev=68d8aa3d661f0e6bd5862291b5bb263b2a6595c9",
      "name": "zip-3.0",
      "pname": "zip",
      "rev": "68d8aa3d661f0e6bd5862291b5bb263b2a6595c9",
      "rev_count": 975402,
      "rev_date": "2026-04-05T21:03:29Z",
      "scrape_date": "2026-04-07T06:06:21.293887Z",
      "stabilities": [
        "unstable"
      ],
      "unfree": false,
      "version": "3.0",
      "outputs_to_install": [
        "out"
      ],
      "outputs": {
        "out": "/nix/store/cvymyyay5ik73gssz0s42qy6nx44mk6w-zip-3.0"
      },
      "system": "aarch64-darwin",
      "group": "toplevel",
      "priority": 5
    }
  ]
}
