{
  "lockfile-version": 0,
  "manifest": {
    "hook": {},
    "install": {
      "gnumake": {
        "pkg-path": "gnumake"
      },
      "go": {
        "pkg-path": "go",
        "version": "^1.21.8"
      }
    },
    "options": {
      "systems": [
        "aarch64-darwin"
      ]
    },
    "profile": {
      "common": "  # Autogenerated by Flox\n\n  # Point GOENV to Flox environment cache\n  export GOENV=\"$FLOX_ENV_CACHE/goenv\"\n\n  # Install Go dependencies\n  go get .\n\n  # End autogenerated by Flox\n"
    },
    "registry": {
      "defaults": {
        "subtrees": null
      },
      "inputs": {
        "nixpkgs": {
          "from": {
            "owner": "NixOS",
            "ref": "release-23.11",
            "repo": "nixpkgs",
            "type": "github"
          },
          "subtrees": [
            "legacyPackages"
          ]
        }
      },
      "priority": [
        "nixpkgs"
      ]
    },
    "vars": {}
  },
  "packages": {
    "aarch64-darwin": {
      "gnumake": {
        "attr-path": [
          "legacyPackages",
          "aarch64-darwin",
          "gnumake"
        ],
        "info": {
          "broken": false,
          "description": "A tool to control the generation of non-source files from sources",
          "license": "GPL-3.0-or-later",
          "pname": "gnumake",
          "unfree": false,
          "version": "4.4.1"
        },
        "input": {
          "attrs": {
            "lastModified": 1713958888,
            "narHash": "sha256-QZh6ag1mnQslIdXZOY3a0TTKIYnKcQax9zmCVp+2e10=",
            "owner": "NixOS",
            "repo": "nixpkgs",
            "rev": "ecc5586a0b9716f457f7974cbc890d68b3e92282",
            "type": "github"
          },
          "fingerprint": "31568b28a8525e31ea868f20a61a1ca59446bed18cd7935ee32b5d7dc1f718ee",
          "url": "github:NixOS/nixpkgs/ecc5586a0b9716f457f7974cbc890d68b3e92282"
        },
        "priority": 5
      },
      "go": {
        "attr-path": [
          "legacyPackages",
          "aarch64-darwin",
          "go"
        ],
        "info": {
          "broken": false,
          "description": "The Go Programming language",
          "license": "BSD-3-Clause",
          "pname": "go",
          "unfree": false,
          "version": "1.21.9"
        },
        "input": {
          "attrs": {
            "lastModified": 1713958888,
            "narHash": "sha256-QZh6ag1mnQslIdXZOY3a0TTKIYnKcQax9zmCVp+2e10=",
            "owner": "NixOS",
            "repo": "nixpkgs",
            "rev": "ecc5586a0b9716f457f7974cbc890d68b3e92282",
            "type": "github"
          },
          "fingerprint": "31568b28a8525e31ea868f20a61a1ca59446bed18cd7935ee32b5d7dc1f718ee",
          "url": "github:NixOS/nixpkgs/ecc5586a0b9716f457f7974cbc890d68b3e92282"
        },
        "priority": 5
      }
    }
  },
  "registry": {
    "defaults": {
      "subtrees": null
    },
    "inputs": {
      "nixpkgs": {
        "from": {
          "lastModified": 1713958888,
          "narHash": "sha256-QZh6ag1mnQslIdXZOY3a0TTKIYnKcQax9zmCVp+2e10=",
          "owner": "NixOS",
          "repo": "nixpkgs",
          "rev": "ecc5586a0b9716f457f7974cbc890d68b3e92282",
          "type": "github"
        },
        "subtrees": [
          "legacyPackages"
        ]
      }
    },
    "priority": [
      "nixpkgs"
    ]
  }
}